
Microsoft Visual Studio Solution File, Format Version 12.00
# Visual Studio Version 16
VisualStudioVersion = 16.0.31105.61
MinimumVisualStudioVersion = 10.0.40219.1
Project("{FAE04EC0-301F-11D3-BF4B-00C04F79EFBC}") = "DemoBlazor", "DemoBlazor\DemoBlazor.csproj", "{32263C1E-2196-4FD9-96D0-9E57C8871C7D}"
EndProject
Global
	GlobalSection(SolutionConfigurationPlatforms) = preSolution
		Debug|Any CPU = Debug|Any CPU
		Release|Any CPU = Release|Any CPU
	EndGlobalSection
	GlobalSection(ProjectConfigurationPlatforms) = postSolution
		{32263C1E-2196-4FD9-96D0-9E57C8871C7D}.Debug|Any CPU.ActiveCfg = Debug|Any CPU
		{32263C1E-2196-4FD9-96D0-9E57C8871C7D}.Debug|Any CPU.Build.0 = Debug|Any CPU
		{32263C1E-2196-4FD9-96D0-9E57C8871C7D}.Release|Any CPU.ActiveCfg = Release|Any CPU
		{32263C1E-2196-4FD9-96D0-9E57C8871C7D}.Release|Any CPU.Build.0 = Release|Any CPU
	EndGlobalSection
	GlobalSection(SolutionProperties) = preSolution
		HideSolutionNode = FALSE
	EndGlobalSection
	GlobalSection(ExtensibilityGlobals) = postSolution
		SolutionGuid = {E43359F1-E5AE-4128-B090-3FAAFD484598}
	EndGlobalSection
EndGlobal
